
Microsoft Visual Studio Solution File, Format Version 12.00
# Visual Studio Version 16
VisualStudioVersion = 16.0.30204.135
MinimumVisualStudioVersion = 10.0.40219.1
Project("{FAE04EC0-301F-11D3-BF4B-00C04F79EFBC}") = "MyParking.Server", "Server\MyParking.Server.csproj", "{0666F273-A2AB-4351-94AE-1CC13EF395F5}"
EndProject
Project("{FAE04EC0-301F-11D3-BF4B-00C04F79EFBC}") = "MyParking.Client", "Client\MyParking.Client.csproj", "{942DC544-42CB-45F5-84C1-B3633EF2D23F}"
EndProject
Project("{FAE04EC0-301F-11D3-BF4B-00C04F79EFBC}") = "MyParking.Shared", "Shared\MyParking.Shared.csproj", "{6EB3D977-5B25-4E89-9F9B-C3AAB3129B47}"
EndProject
Global
	GlobalSection(SolutionConfigurationPlatforms) = preSolution
		Debug|Any CPU = Debug|Any CPU
		Release|Any CPU = Release|Any CPU
	EndGlobalSection
	GlobalSection(ProjectConfigurationPlatforms) = postSolution
		{0666F273-A2AB-4351-94AE-1CC13EF395F5}.Debug|Any CPU.ActiveCfg = Debug|Any CPU
		{0666F273-A2AB-4351-94AE-1CC13EF395F5}.Debug|Any CPU.Build.0 = Debug|Any CPU
		{0666F273-A2AB-4351-94AE-1CC13EF395F5}.Release|Any CPU.ActiveCfg = Release|Any CPU
		{0666F273-A2AB-4351-94AE-1CC13EF395F5}.Release|Any CPU.Build.0 = Release|Any CPU
		{942DC544-42CB-45F5-84C1-B3633EF2D23F}.Debug|Any CPU.ActiveCfg = Debug|Any CPU
		{942DC544-42CB-45F5-84C1-B3633EF2D23F}.Debug|Any CPU.Build.0 = Debug|Any CPU
		{942DC544-42CB-45F5-84C1-B3633EF2D23F}.Release|Any CPU.ActiveCfg = Release|Any CPU
		{942DC544-42CB-45F5-84C1-B3633EF2D23F}.Release|Any CPU.Build.0 = Release|Any CPU
		{6EB3D977-5B25-4E89-9F9B-C3AAB3129B47}.Debug|Any CPU.ActiveCfg = Debug|Any CPU
		{6EB3D977-5B25-4E89-9F9B-C3AAB3129B47}.Debug|Any CPU.Build.0 = Debug|Any CPU
		{6EB3D977-5B25-4E89-9F9B-C3AAB3129B47}.Release|Any CPU.ActiveCfg = Release|Any CPU
		{6EB3D977-5B25-4E89-9F9B-C3AAB3129B47}.Release|Any CPU.Build.0 = Release|Any CPU
	EndGlobalSection
	GlobalSection(SolutionProperties) = preSolution
		HideSolutionNode = FALSE
	EndGlobalSection
	GlobalSection(ExtensibilityGlobals) = postSolution
		SolutionGuid = {00A3B0F4-AAC0-44BA-98FD-F83A917126CC}
	EndGlobalSection
EndGlobal
